// !$*UTF8*$!
{
	archiveVersion = 1;
	classes = {
	};
	objectVersion = 46;
	objects = {

/* Begin PBXBuildFile section */
		6F400A551C876E090083CD21 /* MarvelCharacter.swift in Sources */ = {isa = PBXBuildFile; fileRef = 6F400A541C876E090083CD21 /* MarvelCharacter.swift */; };
		6F400A571C876F0E0083CD21 /* Constants.swift in Sources */ = {isa = PBXBuildFile; fileRef = 6F400A561C876F0E0083CD21 /* Constants.swift */; };
		6F400A591C876F450083CD21 /* ApiManager.swift in Sources */ = {isa = PBXBuildFile; fileRef = 6F400A581C876F450083CD21 /* ApiManager.swift */; };
		6F53189D1C7E7B2F005AEF88 /* AppDelegate.swift in Sources */ = {isa = PBXBuildFile; fileRef = 6F53189C1C7E7B2F005AEF88 /* AppDelegate.swift */; };
		6F53189F1C7E7B2F005AEF88 /* ViewController.swift in Sources */ = {isa = PBXBuildFile; fileRef = 6F53189E1C7E7B2F005AEF88 /* ViewController.swift */; };
		6F5318A21C7E7B2F005AEF88 /* Main.storyboard in Resources */ = {isa = PBXBuildFile; fileRef = 6F5318A01C7E7B2F005AEF88 /* Main.storyboard */; };
		6F5318A41C7E7B2F005AEF88 /* Assets.xcassets in Resources */ = {isa = PBXBuildFile; fileRef = 6F5318A31C7E7B2F005AEF88 /* Assets.xcassets */; };
		6F5318A71C7E7B2F005AEF88 /* LaunchScreen.storyboard in Resources */ = {isa = PBXBuildFile; fileRef = 6F5318A51C7E7B2F005AEF88 /* LaunchScreen.storyboard */; };
		6F5318B21C7E7B2F005AEF88 /* MarvelDatabaseTests.swift in Sources */ = {isa = PBXBuildFile; fileRef = 6F5318B11C7E7B2F005AEF88 /* MarvelDatabaseTests.swift */; };
		6F5318BD1C7E7B2F005AEF88 /* MarvelDatabaseUITests.swift in Sources */ = {isa = PBXBuildFile; fileRef = 6F5318BC1C7E7B2F005AEF88 /* MarvelDatabaseUITests.swift */; };
		6F90220C1C8E41110094C89F /* ComixCell.swift in Sources */ = {isa = PBXBuildFile; fileRef = 6F90220B1C8E41110094C89F /* ComixCell.swift */; };
		6F90220E1C8E41A40094C89F /* Comix.swift in Sources */ = {isa = PBXBuildFile; fileRef = 6F90220D1C8E41A40094C89F /* Comix.swift */; };
		6F9022101C8E44310094C89F /* ComixVC.swift in Sources */ = {isa = PBXBuildFile; fileRef = 6F90220F1C8E44310094C89F /* ComixVC.swift */; };
		6F9022121C8E5BFC0094C89F /* md5.swift in Sources */ = {isa = PBXBuildFile; fileRef = 6F9022111C8E5BFC0094C89F /* md5.swift */; };
		6FF6768F1C8789390016E0C2 /* MarvelColViewCell.swift in Sources */ = {isa = PBXBuildFile; fileRef = 6FF6768E1C8789390016E0C2 /* MarvelColViewCell.swift */; };
/* End PBXBuildFile section */

/* Begin PBXContainerItemProxy section */
		6F5318AE1C7E7B2F005AEF88 /* PBXContainerItemProxy */ = {
			isa = PBXContainerItemProxy;
			containerPortal = 6F5318911C7E7B2F005AEF88 /* Project object */;
			proxyType = 1;
			remoteGlobalIDString = 6F5318981C7E7B2F005AEF88;
			remoteInfo = MarvelDatabase;
		};
		6F5318B91C7E7B2F005AEF88 /* PBXContainerItemProxy */ = {
			isa = PBXContainerItemProxy;
			containerPortal = 6F5318911C7E7B2F005AEF88 /* Project object */;
			proxyType = 1;
			remoteGlobalIDString = 6F5318981C7E7B2F005AEF88;
			remoteInfo = MarvelDatabase;
		};
/* End PBXContainerItemProxy section */

/* Begin PBXFileReference section */
		6F400A541C876E090083CD21 /* MarvelCharacter.swift */ = {isa = PBXFileReference; fileEncoding = 4; lastKnownFileType = sourcecode.swift; path = MarvelCharacter.swift; sourceTree = "<group>"; };
		6F400A561C876F0E0083CD21 /* Constants.swift */ = {isa = PBXFileReference; fileEncoding = 4; lastKnownFileType = sourcecode.swift; path = Constants.swift; sourceTree = "<group>"; };
		6F400A581C876F450083CD21 /* ApiManager.swift */ = {isa = PBXFileReference; fileEncoding = 4; lastKnownFileType = sourcecode.swift; path = ApiManager.swift; sourceTree = "<group>"; };
		6F5318991C7E7B2F005AEF88 /* MarvelDatabase.app */ = {isa = PBXFileReference; explicitFileType = wrapper.application; includeInIndex = 0; path = MarvelDatabase.app; sourceTree = BUILT_PRODUCTS_DIR; };
		6F53189C1C7E7B2F005AEF88 /* AppDelegate.swift */ = {isa = PBXFileReference; lastKnownFileType = sourcecode.swift; path = AppDelegate.swift; sourceTree = "<group>"; };
		6F53189E1C7E7B2F005AEF88 /* ViewController.swift */ = {isa = PBXFileReference; lastKnownFileType = sourcecode.swift; path = ViewController.swift; sourceTree = "<group>"; };
		6F5318A11C7E7B2F005AEF88 /* Base */ = {isa = PBXFileReference; lastKnownFileType = file.storyboard; name = Base; path = Base.lproj/Main.storyboard; sourceTree = "<group>"; };
		6F5318A31C7E7B2F005AEF88 /* Assets.xcassets */ = {isa = PBXFileReference; lastKnownFileType = folder.assetcatalog; path = Assets.xcassets; sourceTree = "<group>"; };
		6F5318A61C7E7B2F005AEF88 /* Base */ = {isa = PBXFileReference; lastKnownFileType = file.storyboard; name = Base; path = Base.lproj/LaunchScreen.storyboard; sourceTree = "<group>"; };
		6F5318A81C7E7B2F005AEF88 /* Info.plist */ = {isa = PBXFileReference; lastKnownFileType = text.plist.xml; path = Info.plist; sourceTree = "<group>"; };
		6F5318AD1C7E7B2F005AEF88 /* MarvelDatabaseTests.xctest */ = {isa = PBXFileReference; explicitFileType = wrapper.cfbundle; includeInIndex = 0; path = MarvelDatabaseTests.xctest; sourceTree = BUILT_PRODUCTS_DIR; };
		6F5318B11C7E7B2F005AEF88 /* MarvelDatabaseTests.swift */ = {isa = PBXFileReference; lastKnownFileType = sourcecode.swift; path = MarvelDatabaseTests.swift; sourceTree = "<group>"; };
		6F5318B31C7E7B2F005AEF88 /* Info.plist */ = {isa = PBXFileReference; lastKnownFileType = text.plist.xml; path = Info.plist; sourceTree = "<group>"; };
		6F5318B81C7E7B2F005AEF88 /* MarvelDatabaseUITests.xctest */ = {isa = PBXFileReference; explicitFileType = wrapper.cfbundle; includeInIndex = 0; path = MarvelDatabaseUITests.xctest; sourceTree = BUILT_PRODUCTS_DIR; };
		6F5318BC1C7E7B2F005AEF88 /* MarvelDatabaseUITests.swift */ = {isa = PBXFileReference; lastKnownFileType = sourcecode.swift; path = MarvelDatabaseUITests.swift; sourceTree = "<group>"; };
		6F5318BE1C7E7B2F005AEF88 /* Info.plist */ = {isa = PBXFileReference; lastKnownFileType = text.plist.xml; path = Info.plist; sourceTree = "<group>"; };
		6F90220B1C8E41110094C89F /* ComixCell.swift */ = {isa = PBXFileReference; fileEncoding = 4; lastKnownFileType = sourcecode.swift; path = ComixCell.swift; sourceTree = "<group>"; };
		6F90220D1C8E41A40094C89F /* Comix.swift */ = {isa = PBXFileReference; fileEncoding = 4; lastKnownFileType = sourcecode.swift; path = Comix.swift; sourceTree = "<group>"; };
		6F90220F1C8E44310094C89F /* ComixVC.swift */ = {isa = PBXFileReference; fileEncoding = 4; lastKnownFileType = sourcecode.swift; path = ComixVC.swift; sourceTree = "<group>"; };
		6F9022111C8E5BFC0094C89F /* md5.swift */ = {isa = PBXFileReference; fileEncoding = 4; lastKnownFileType = sourcecode.swift; path = md5.swift; sourceTree = "<group>"; };
		6FF6768E1C8789390016E0C2 /* MarvelColViewCell.swift */ = {isa = PBXFileReference; fileEncoding = 4; lastKnownFileType = sourcecode.swift; path = MarvelColViewCell.swift; sourceTree = "<group>"; };
		6FF676901C87A8CE0016E0C2 /* MarvelDatabase-Bridging-Header.h */ = {isa = PBXFileReference; lastKnownFileType = sourcecode.c.h; path = "MarvelDatabase-Bridging-Header.h"; sourceTree = "<group>"; };
/* End PBXFileReference section */

/* Begin PBXFrameworksBuildPhase section */
		6F5318961C7E7B2F005AEF88 /* Frameworks */ = {
			isa = PBXFrameworksBuildPhase;
			buildActionMask = 2147483647;
			files = (
			);
			runOnlyForDeploymentPostprocessing = 0;
		};
		6F5318AA1C7E7B2F005AEF88 /* Frameworks */ = {
			isa = PBXFrameworksBuildPhase;
			buildActionMask = 2147483647;
			files = (
			);
			runOnlyForDeploymentPostprocessing = 0;
		};
		6F5318B51C7E7B2F005AEF88 /* Frameworks */ = {
			isa = PBXFrameworksBuildPhase;
			buildActionMask = 2147483647;
			files = (
			);
			runOnlyForDeploymentPostprocessing = 0;
		};
/* End PBXFrameworksBuildPhase section */

/* Begin PBXGroup section */
		6F400A4D1C8763AB0083CD21 /* View */ = {
			isa = PBXGroup;
			children = (
				6F5318A01C7E7B2F005AEF88 /* Main.storyboard */,
				6F5318A51C7E7B2F005AEF88 /* LaunchScreen.storyboard */,
			);
			name = View;
			sourceTree = "<group>";
		};
		6F400A4E1C8763B10083CD21 /* Model */ = {
			isa = PBXGroup;
			children = (
				6F400A541C876E090083CD21 /* MarvelCharacter.swift */,
				6F400A581C876F450083CD21 /* ApiManager.swift */,
				6F90220D1C8E41A40094C89F /* Comix.swift */,
			);
			name = Model;
			sourceTree = "<group>";
		};
		6F400A4F1C8763B70083CD21 /* Controller */ = {
			isa = PBXGroup;
			children = (
				6F53189E1C7E7B2F005AEF88 /* ViewController.swift */,
				6F90220F1C8E44310094C89F /* ComixVC.swift */,
				6FF6768E1C8789390016E0C2 /* MarvelColViewCell.swift */,
				6F90220B1C8E41110094C89F /* ComixCell.swift */,
			);
			name = Controller;
			sourceTree = "<group>";
		};
		6F400A501C8765C20083CD21 /* Utils */ = {
			isa = PBXGroup;
			children = (
				6F400A561C876F0E0083CD21 /* Constants.swift */,
				6FF676901C87A8CE0016E0C2 /* MarvelDatabase-Bridging-Header.h */,
				6F9022111C8E5BFC0094C89F /* md5.swift */,
			);
			name = Utils;
			sourceTree = "<group>";
		};
		6F400A511C8765C90083CD21 /* Supporting Files */ = {
			isa = PBXGroup;
			children = (
				6F5318A31C7E7B2F005AEF88 /* Assets.xcassets */,
				6F53189C1C7E7B2F005AEF88 /* AppDelegate.swift */,
				6F5318A81C7E7B2F005AEF88 /* Info.plist */,
			);
			name = "Supporting Files";
			sourceTree = "<group>";
		};
		6F5318901C7E7B2F005AEF88 = {
			isa = PBXGroup;
			children = (
				6F53189B1C7E7B2F005AEF88 /* MarvelDatabase */,
				6F5318B01C7E7B2F005AEF88 /* MarvelDatabaseTests */,
				6F5318BB1C7E7B2F005AEF88 /* MarvelDatabaseUITests */,
				6F53189A1C7E7B2F005AEF88 /* Products */,
			);
			sourceTree = "<group>";
		};
		6F53189A1C7E7B2F005AEF88 /* Products */ = {
			isa = PBXGroup;
			children = (
				6F5318991C7E7B2F005AEF88 /* MarvelDatabase.app */,
				6F5318AD1C7E7B2F005AEF88 /* MarvelDatabaseTests.xctest */,
				6F5318B81C7E7B2F005AEF88 /* MarvelDatabaseUITests.xctest */,
			);
			name = Products;
			sourceTree = "<group>";
		};
		6F53189B1C7E7B2F005AEF88 /* MarvelDatabase */ = {
			isa = PBXGroup;
			children = (
				6F400A511C8765C90083CD21 /* Supporting Files */,
				6F400A501C8765C20083CD21 /* Utils */,
				6F400A4F1C8763B70083CD21 /* Controller */,
				6F400A4E1C8763B10083CD21 /* Model */,
				6F400A4D1C8763AB0083CD21 /* View */,
			);
			path = MarvelDatabase;
			sourceTree = "<group>";
		};
		6F5318B01C7E7B2F005AEF88 /* MarvelDatabaseTests */ = {
			isa = PBXGroup;
			children = (
				6F5318B11C7E7B2F005AEF88 /* MarvelDatabaseTests.swift */,
				6F5318B31C7E7B2F005AEF88 /* Info.plist */,
			);
			path = MarvelDatabaseTests;
			sourceTree = "<group>";
		};
		6F5318BB1C7E7B2F005AEF88 /* MarvelDatabaseUITests */ = {
			isa = PBXGroup;
			children = (
				6F5318BC1C7E7B2F005AEF88 /* MarvelDatabaseUITests.swift */,
				6F5318BE1C7E7B2F005AEF88 /* Info.plist */,
			);
			path = MarvelDatabaseUITests;
			sourceTree = "<group>";
		};
/* End PBXGroup section */

/* Begin PBXNativeTarget section */
		6F5318981C7E7B2F005AEF88 /* MarvelDatabase */ = {
			isa = PBXNativeTarget;
			buildConfigurationList = 6F5318C11C7E7B2F005AEF88 /* Build configuration list for PBXNativeTarget "MarvelDatabase" */;
			buildPhases = (
				6F5318951C7E7B2F005AEF88 /* Sources */,
				6F5318961C7E7B2F005AEF88 /* Frameworks */,
				6F5318971C7E7B2F005AEF88 /* Resources */,
			);
			buildRules = (
			);
			dependencies = (
			);
			name = MarvelDatabase;
			productName = MarvelDatabase;
			productReference = 6F5318991C7E7B2F005AEF88 /* MarvelDatabase.app */;
			productType = "com.apple.product-type.application";
		};
		6F5318AC1C7E7B2F005AEF88 /* MarvelDatabaseTests */ = {
			isa = PBXNativeTarget;
			buildConfigurationList = 6F5318C41C7E7B2F005AEF88 /* Build configuration list for PBXNativeTarget "MarvelDatabaseTests" */;
			buildPhases = (
				6F5318A91C7E7B2F005AEF88 /* Sources */,
				6F5318AA1C7E7B2F005AEF88 /* Frameworks */,
				6F5318AB1C7E7B2F005AEF88 /* Resources */,
			);
			buildRules = (
			);
			dependencies = (
				6F5318AF1C7E7B2F005AEF88 /* PBXTargetDependency */,
			);
			name = MarvelDatabaseTests;
			productName = MarvelDatabaseTests;
			productReference = 6F5318AD1C7E7B2F005AEF88 /* MarvelDatabaseTests.xctest */;
			productType = "com.apple.product-type.bundle.unit-test";
		};
		6F5318B71C7E7B2F005AEF88 /* MarvelDatabaseUITests */ = {
			isa = PBXNativeTarget;
			buildConfigurationList = 6F5318C71C7E7B2F005AEF88 /* Build configuration list for PBXNativeTarget "MarvelDatabaseUITests" */;
			buildPhases = (
				6F5318B41C7E7B2F005AEF88 /* Sources */,
				6F5318B51C7E7B2F005AEF88 /* Frameworks */,
				6F5318B61C7E7B2F005AEF88 /* Resources */,
			);
			buildRules = (
			);
			dependencies = (
				6F5318BA1C7E7B2F005AEF88 /* PBXTargetDependency */,
			);
			name = MarvelDatabaseUITests;
			productName = MarvelDatabaseUITests;
			productReference = 6F5318B81C7E7B2F005AEF88 /* MarvelDatabaseUITests.xctest */;
			productType = "com.apple.product-type.bundle.ui-testing";
		};
/* End PBXNativeTarget section */

/* Begin PBXProject section */
		6F5318911C7E7B2F005AEF88 /* Project object */ = {
			isa = PBXProject;
			attributes = {
				LastSwiftUpdateCheck = 0720;
				LastUpgradeCheck = 0720;
				ORGANIZATIONNAME = "Piotr Furmanski";
				TargetAttributes = {
					6F5318981C7E7B2F005AEF88 = {
						CreatedOnToolsVersion = 7.2.1;
					};
					6F5318AC1C7E7B2F005AEF88 = {
						CreatedOnToolsVersion = 7.2.1;
						TestTargetID = 6F5318981C7E7B2F005AEF88;
					};
					6F5318B71C7E7B2F005AEF88 = {
						CreatedOnToolsVersion = 7.2.1;
						TestTargetID = 6F5318981C7E7B2F005AEF88;
					};
				};
			};
			buildConfigurationList = 6F5318941C7E7B2F005AEF88 /* Build configuration list for PBXProject "MarvelDatabase" */;
			compatibilityVersion = "Xcode 3.2";
			developmentRegion = English;
			hasScannedForEncodings = 0;
			knownRegions = (
				en,
				Base,
			);
			mainGroup = 6F5318901C7E7B2F005AEF88;
			productRefGroup = 6F53189A1C7E7B2F005AEF88 /* Products */;
			projectDirPath = "";
			projectRoot = "";
			targets = (
				6F5318981C7E7B2F005AEF88 /* MarvelDatabase */,
				6F5318AC1C7E7B2F005AEF88 /* MarvelDatabaseTests */,
				6F5318B71C7E7B2F005AEF88 /* MarvelDatabaseUITests */,
			);
		};
/* End PBXProject section */

/* Begin PBXResourcesBuildPhase section */
		6F5318971C7E7B2F005AEF88 /* Resources */ = {
			isa = PBXResourcesBuildPhase;
			buildActionMask = 2147483647;
			files = (
				6F5318A71C7E7B2F005AEF88 /* LaunchScreen.storyboard in Resources */,
				6F5318A41C7E7B2F005AEF88 /* Assets.xcassets in Resources */,
				6F5318A21C7E7B2F005AEF88 /* Main.storyboard in Resources */,
			);
			runOnlyForDeploymentPostprocessing = 0;
		};
		6F5318AB1C7E7B2F005AEF88 /* Resources */ = {
			isa = PBXResourcesBuildPhase;
			buildActionMask = 2147483647;
			files = (
			);
			runOnlyForDeploymentPostprocessing = 0;
		};
		6F5318B61C7E7B2F005AEF88 /* Resources */ = {
			isa = PBXResourcesBuildPhase;
			buildActionMask = 2147483647;
			files = (
			);
			runOnlyForDeploymentPostprocessing = 0;
		};
/* End PBXResourcesBuildPhase section */

/* Begin PBXSourcesBuildPhase section */
		6F5318951C7E7B2F005AEF88 /* Sources */ = {
			isa = PBXSourcesBuildPhase;
			buildActionMask = 2147483647;
			files = (
				6FF6768F1C8789390016E0C2 /* MarvelColViewCell.swift in Sources */,
				6F400A571C876F0E0083CD21 /* Constants.swift in Sources */,
				6F400A551C876E090083CD21 /* MarvelCharacter.swift in Sources */,
				6F53189F1C7E7B2F005AEF88 /* ViewController.swift in Sources */,
				6F90220C1C8E41110094C89F /* ComixCell.swift in Sources */,
				6F400A591C876F450083CD21 /* ApiManager.swift in Sources */,
				6F90220E1C8E41A40094C89F /* Comix.swift in Sources */,
				6F53189D1C7E7B2F005AEF88 /* AppDelegate.swift in Sources */,
				6F9022121C8E5BFC0094C89F /* md5.swift in Sources */,
				6F9022101C8E44310094C89F /* ComixVC.swift in Sources */,
			);
			runOnlyForDeploymentPostprocessing = 0;
		};
		6F5318A91C7E7B2F005AEF88 /* Sources */ = {
			isa = PBXSourcesBuildPhase;
			buildActionMask = 2147483647;
			files = (
				6F5318B21C7E7B2F005AEF88 /* MarvelDatabaseTests.swift in Sources */,
			);
			runOnlyForDeploymentPostprocessing = 0;
		};
		6F5318B41C7E7B2F005AEF88 /* Sources */ = {
			isa = PBXSourcesBuildPhase;
			buildActionMask = 2147483647;
			files = (
				6F5318BD1C7E7B2F005AEF88 /* MarvelDatabaseUITests.swift in Sources */,
			);
			runOnlyForDeploymentPostprocessing = 0;
		};
/* End PBXSourcesBuildPhase section */

/* Begin PBXTargetDependency section */
		6F5318AF1C7E7B2F005AEF88 /* PBXTargetDependency */ = {
			isa = PBXTargetDependency;
			target = 6F5318981C7E7B2F005AEF88 /* MarvelDatabase */;
			targetProxy = 6F5318AE1C7E7B2F005AEF88 /* PBXContainerItemProxy */;
		};
		6F5318BA1C7E7B2F005AEF88 /* PBXTargetDependency */ = {
			isa = PBXTargetDependency;
			target = 6F5318981C7E7B2F005AEF88 /* MarvelDatabase */;
			targetProxy = 6F5318B91C7E7B2F005AEF88 /* PBXContainerItemProxy */;
		};
/* End PBXTargetDependency section */

/* Begin PBXVariantGroup section */
		6F5318A01C7E7B2F005AEF88 /* Main.storyboard */ = {
			isa = PBXVariantGroup;
			children = (
				6F5318A11C7E7B2F005AEF88 /* Base */,
			);
			name = Main.storyboard;
			sourceTree = "<group>";
		};
		6F5318A51C7E7B2F005AEF88 /* LaunchScreen.storyboard */ = {
			isa = PBXVariantGroup;
			children = (
				6F5318A61C7E7B2F005AEF88 /* Base */,
			);
			name = LaunchScreen.storyboard;
			sourceTree = "<group>";
		};
/* End PBXVariantGroup section */

/* Begin XCBuildConfiguration section */
		6F5318BF1C7E7B2F005AEF88 /* Debug */ = {
			isa = XCBuildConfiguration;
			buildSettings = {
				ALWAYS_SEARCH_USER_PATHS = NO;
				CLANG_CXX_LANGUAGE_STANDARD = "gnu++0x";
				CLANG_CXX_LIBRARY = "libc++";
				CLANG_ENABLE_MODULES = YES;
				CLANG_ENABLE_OBJC_ARC = YES;
				CLANG_WARN_BOOL_CONVERSION = YES;
				CLANG_WARN_CONSTANT_CONVERSION = YES;
				CLANG_WARN_DIRECT_OBJC_ISA_USAGE = YES_ERROR;
				CLANG_WARN_EMPTY_BODY = YES;
				CLANG_WARN_ENUM_CONVERSION = YES;
				CLANG_WARN_INT_CONVERSION = YES;
				CLANG_WARN_OBJC_ROOT_CLASS = YES_ERROR;
				CLANG_WARN_UNREACHABLE_CODE = YES;
				CLANG_WARN__DUPLICATE_METHOD_MATCH = YES;
				"CODE_SIGN_IDENTITY[sdk=iphoneos*]" = "iPhone Developer";
				COPY_PHASE_STRIP = NO;
				DEBUG_INFORMATION_FORMAT = dwarf;
				ENABLE_STRICT_OBJC_MSGSEND = YES;
				ENABLE_TESTABILITY = YES;
				GCC_C_LANGUAGE_STANDARD = gnu99;
				GCC_DYNAMIC_NO_PIC = NO;
				GCC_NO_COMMON_BLOCKS = YES;
				GCC_OPTIMIZATION_LEVEL = 0;
				GCC_PREPROCESSOR_DEFINITIONS = (
					"DEBUG=1",
					"$(inherited)",
				);
				GCC_WARN_64_TO_32_BIT_CONVERSION = YES;
				GCC_WARN_ABOUT_RETURN_TYPE = YES_ERROR;
				GCC_WARN_UNDECLARED_SELECTOR = YES;
				GCC_WARN_UNINITIALIZED_AUTOS = YES_AGGRESSIVE;
				GCC_WARN_UNUSED_FUNCTION = YES;
				GCC_WARN_UNUSED_VARIABLE = YES;
				IPHONEOS_DEPLOYMENT_TARGET = 9.2;
				MTL_ENABLE_DEBUG_INFO = YES;
				ONLY_ACTIVE_ARCH = YES;
				SDKROOT = iphoneos;
				SWIFT_OPTIMIZATION_LEVEL = "-Onone";
			};
			name = Debug;
		};
		6F5318C01C7E7B2F005AEF88 /* Release */ = {
			isa = XCBuildConfiguration;
			buildSettings = {
				ALWAYS_SEARCH_USER_PATHS = NO;
				CLANG_CXX_LANGUAGE_STANDARD = "gnu++0x";
				CLANG_CXX_LIBRARY = "libc++";
				CLANG_ENABLE_MODULES = YES;
				CLANG_ENABLE_OBJC_ARC = YES;
				CLANG_WARN_BOOL_CONVERSION = YES;
				CLANG_WARN_CONSTANT_CONVERSION = YES;
				CLANG_WARN_DIRECT_OBJC_ISA_USAGE = YES_ERROR;
				CLANG_WARN_EMPTY_BODY = YES;
				CLANG_WARN_ENUM_CONVERSION = YES;
				CLANG_WARN_INT_CONVERSION = YES;
				CLANG_WARN_OBJC_ROOT_CLASS = YES_ERROR;
				CLANG_WARN_UNREACHABLE_CODE = YES;
				CLANG_WARN__DUPLICATE_METHOD_MATCH = YES;
				"CODE_SIGN_IDENTITY[sdk=iphoneos*]" = "iPhone Developer";
				COPY_PHASE_STRIP = NO;
				DEBUG_INFORMATION_FORMAT = "dwarf-with-dsym";
				ENABLE_NS_ASSERTIONS = NO;
				ENABLE_STRICT_OBJC_MSGSEND = YES;
				GCC_C_LANGUAGE_STANDARD = gnu99;
				GCC_NO_COMMON_BLOCKS = YES;
				GCC_WARN_64_TO_32_BIT_CONVERSION = YES;
				GCC_WARN_ABOUT_RETURN_TYPE = YES_ERROR;
				GCC_WARN_UNDECLARED_SELECTOR = YES;
				GCC_WARN_UNINITIALIZED_AUTOS = YES_AGGRESSIVE;
				GCC_WARN_UNUSED_FUNCTION = YES;
				GCC_WARN_UNUSED_VARIABLE = YES;
				IPHONEOS_DEPLOYMENT_TARGET = 9.2;
				MTL_ENABLE_DEBUG_INFO = NO;
				SDKROOT = iphoneos;
				VALIDATE_PRODUCT = YES;
			};
			name = Release;
		};
		6F5318C21C7E7B2F005AEF88 /* Debug */ = {
			isa = XCBuildConfiguration;
			buildSettings = {
				ASSETCATALOG_COMPILER_APPICON_NAME = AppIcon;
				CLANG_ENABLE_MODULES = YES;
				INFOPLIST_FILE = MarvelDatabase/Info.plist;
				LD_RUNPATH_SEARCH_PATHS = "$(inherited) @executable_path/Frameworks";
				PRODUCT_BUNDLE_IDENTIFIER = com.pfurmans.MarvelDatabase;
				PRODUCT_NAME = "$(TARGET_NAME)";
				SWIFT_OBJC_BRIDGING_HEADER = "MarvelDatabase/MarvelDatabase-Bridging-Header.h";
				SWIFT_OPTIMIZATION_LEVEL = "-Onone";
			};
			name = Debug;
		};
		6F5318C31C7E7B2F005AEF88 /* Release */ = {
			isa = XCBuildConfiguration;
			buildSettings = {
				ASSETCATALOG_COMPILER_APPICON_NAME = AppIcon;
				CLANG_ENABLE_MODULES = YES;
				INFOPLIST_FILE = MarvelDatabase/Info.plist;
				LD_RUNPATH_SEARCH_PATHS = "$(inherited) @executable_path/Frameworks";
				PRODUCT_BUNDLE_IDENTIFIER = com.pfurmans.MarvelDatabase;
				PRODUCT_NAME = "$(TARGET_NAME)";
				SWIFT_OBJC_BRIDGING_HEADER = "MarvelDatabase/MarvelDatabase-Bridging-Header.h";
			};
			name = Release;
		};
		6F5318C51C7E7B2F005AEF88 /* Debug */ = {
			isa = XCBuildConfiguration;
			buildSettings = {
				BUNDLE_LOADER = "$(TEST_HOST)";
				INFOPLIST_FILE = MarvelDatabaseTests/Info.plist;
				LD_RUNPATH_SEARCH_PATHS = "$(inherited) @executable_path/Frameworks @loader_path/Frameworks";
				PRODUCT_BUNDLE_IDENTIFIER = com.pfurmans.MarvelDatabaseTests;
				PRODUCT_NAME = "$(TARGET_NAME)";
				TEST_HOST = "$(BUILT_PRODUCTS_DIR)/MarvelDatabase.app/MarvelDatabase";
			};
			name = Debug;
		};
		6F5318C61C7E7B2F005AEF88 /* Release */ = {
			isa = XCBuildConfiguration;
			buildSettings = {
				BUNDLE_LOADER = "$(TEST_HOST)";
				INFOPLIST_FILE = MarvelDatabaseTests/Info.plist;
				LD_RUNPATH_SEARCH_PATHS = "$(inherited) @executable_path/Frameworks @loader_path/Frameworks";
				PRODUCT_BUNDLE_IDENTIFIER = com.pfurmans.MarvelDatabaseTests;
				PRODUCT_NAME = "$(TARGET_NAME)";
				TEST_HOST = "$(BUILT_PRODUCTS_DIR)/MarvelDatabase.app/MarvelDatabase";
			};
			name = Release;
		};
		6F5318C81C7E7B2F005AEF88 /* Debug */ = {
			isa = XCBuildConfiguration;
			buildSettings = {
				INFOPLIST_FILE = MarvelDatabaseUITests/Info.plist;
				LD_RUNPATH_SEARCH_PATHS = "$(inherited) @executable_path/Frameworks @loader_path/Frameworks";
				PRODUCT_BUNDLE_IDENTIFIER = com.pfurmans.MarvelDatabaseUITests;
				PRODUCT_NAME = "$(TARGET_NAME)";
				TEST_TARGET_NAME = MarvelDatabase;
				USES_XCTRUNNER = YES;
			};
			name = Debug;
		};
		6F5318C91C7E7B2F005AEF88 /* Release */ = {
			isa = XCBuildConfiguration;
			buildSettings = {
				INFOPLIST_FILE = MarvelDatabaseUITests/Info.plist;
				LD_RUNPATH_SEARCH_PATHS = "$(inherited) @executable_path/Frameworks @loader_path/Frameworks";
				PRODUCT_BUNDLE_IDENTIFIER = com.pfurmans.MarvelDatabaseUITests;
				PRODUCT_NAME = "$(TARGET_NAME)";
				TEST_TARGET_NAME = MarvelDatabase;
				USES_XCTRUNNER = YES;
			};
			name = Release;
		};
/* End XCBuildConfiguration section */

/* Begin XCConfigurationList section */
		6F5318941C7E7B2F005AEF88 /* Build configuration list for PBXProject "MarvelDatabase" */ = {
			isa = XCConfigurationList;
			buildConfigurations = (
				6F5318BF1C7E7B2F005AEF88 /* Debug */,
				6F5318C01C7E7B2F005AEF88 /* Release */,
			);
			defaultConfigurationIsVisible = 0;
			defaultConfigurationName = Release;
		};
		6F5318C11C7E7B2F005AEF88 /* Build configuration list for PBXNativeTarget "MarvelDatabase" */ = {
			isa = XCConfigurationList;
			buildConfigurations = (
				6F5318C21C7E7B2F005AEF88 /* Debug */,
				6F5318C31C7E7B2F005AEF88 /* Release */,
			);
			defaultConfigurationIsVisible = 0;
			defaultConfigurationName = Release;
		};
		6F5318C41C7E7B2F005AEF88 /* Build configuration list for PBXNativeTarget "MarvelDatabaseTests" */ = {
			isa = XCConfigurationList;
			buildConfigurations = (
				6F5318C51C7E7B2F005AEF88 /* Debug */,
				6F5318C61C7E7B2F005AEF88 /* Release */,
			);
			defaultConfigurationIsVisible = 0;
			defaultConfigurationName = Release;
		};
		6F5318C71C7E7B2F005AEF88 /* Build configuration list for PBXNativeTarget "MarvelDatabaseUITests" */ = {
			isa = XCConfigurationList;
			buildConfigurations = (
				6F5318C81C7E7B2F005AEF88 /* Debug */,
				6F5318C91C7E7B2F005AEF88 /* Release */,
			);
			defaultConfigurationIsVisible = 0;
			defaultConfigurationName = Release;
		};
/* End XCConfigurationList section */
	};
	rootObject = 6F5318911C7E7B2F005AEF88 /* Project object */;
}
